
Microsoft Visual Studio Solution File, Format Version 12.00
# Visual Studio Version 17
VisualStudioVersion = 17.5.33627.172
MinimumVisualStudioVersion = 10.0.40219.1
Project("{2150E333-8FDC-42A3-9474-1A3956D46DE8}") = "Microservices", "Microservices", "{14A4D50A-B640-4423-BFAB-1483CAD050A6}"
EndProject
Project("{9A19103F-16F7-4668-BE54-9A1E7A4F7556}") = "UserMicroservice", "UserMicroservice\UserMicroservice.csproj", "{6415390A-D4B4-42E3-8C2A-BC29A8C97D1E}"
EndProject
Global
	GlobalSection(SolutionConfigurationPlatforms) = preSolution
		Debug|Any CPU = Debug|Any CPU
		Release|Any CPU = Release|Any CPU
	EndGlobalSection
	GlobalSection(ProjectConfigurationPlatforms) = postSolution
		{6415390A-D4B4-42E3-8C2A-BC29A8C97D1E}.Debug|Any CPU.ActiveCfg = Debug|Any CPU
		{6415390A-D4B4-42E3-8C2A-BC29A8C97D1E}.Debug|Any CPU.Build.0 = Debug|Any CPU
		{6415390A-D4B4-42E3-8C2A-BC29A8C97D1E}.Release|Any CPU.ActiveCfg = Release|Any CPU
		{6415390A-D4B4-42E3-8C2A-BC29A8C97D1E}.Release|Any CPU.Build.0 = Release|Any CPU
	EndGlobalSection
	GlobalSection(SolutionProperties) = preSolution
		HideSolutionNode = FALSE
	EndGlobalSection
	GlobalSection(NestedProjects) = preSolution
		{6415390A-D4B4-42E3-8C2A-BC29A8C97D1E} = {14A4D50A-B640-4423-BFAB-1483CAD050A6}
	EndGlobalSection
	GlobalSection(ExtensibilityGlobals) = postSolution
		SolutionGuid = {FF6F806E-8E05-4C11-9345-308DA9FB509D}
	EndGlobalSection
EndGlobal
